// !$*UTF8*$!
{
	archiveVersion = 1;
	classes = {
	};
	objectVersion = 50;
	objects = {

/* Begin PBXBuildFile section */
		BA72A0022616929D0076851C /* AppDelegate.swift in Sources */ = {isa = PBXBuildFile; fileRef = BA72A0012616929D0076851C /* AppDelegate.swift */; };
		BA72A0042616929D0076851C /* SceneDelegate.swift in Sources */ = {isa = PBXBuildFile; fileRef = BA72A0032616929D0076851C /* SceneDelegate.swift */; };
		BA72A0092616929D0076851C /* Main.storyboard in Resources */ = {isa = PBXBuildFile; fileRef = BA72A0072616929D0076851C /* Main.storyboard */; };
		BA72A00C2616929D0076851C /* Daily_Journal.xcdatamodeld in Sources */ = {isa = PBXBuildFile; fileRef = BA72A00A2616929D0076851C /* Daily_Journal.xcdatamodeld */; };
		BA72A00E2616929E0076851C /* Assets.xcassets in Resources */ = {isa = PBXBuildFile; fileRef = BA72A00D2616929E0076851C /* Assets.xcassets */; };
		BA72A0112616929E0076851C /* LaunchScreen.storyboard in Resources */ = {isa = PBXBuildFile; fileRef = BA72A00F2616929E0076851C /* LaunchScreen.storyboard */; };
		BA72A01B261693580076851C /* DailyJournalTableViewController.swift in Sources */ = {isa = PBXBuildFile; fileRef = BA72A01A261693580076851C /* DailyJournalTableViewController.swift */; };
		BA72A01F2616982B0076851C /* DailyJournalViewController.swift in Sources */ = {isa = PBXBuildFile; fileRef = BA72A01E2616982B0076851C /* DailyJournalViewController.swift */; };
/* End PBXBuildFile section */

/* Begin PBXFileReference section */
		BA729FFE2616929D0076851C /* Daily Journal.app */ = {isa = PBXFileReference; explicitFileType = wrapper.application; includeInIndex = 0; path = "Daily Journal.app"; sourceTree = BUILT_PRODUCTS_DIR; };
		BA72A0012616929D0076851C /* AppDelegate.swift */ = {isa = PBXFileReference; lastKnownFileType = sourcecode.swift; path = AppDelegate.swift; sourceTree = "<group>"; };
		BA72A0032616929D0076851C /* SceneDelegate.swift */ = {isa = PBXFileReference; lastKnownFileType = sourcecode.swift; path = SceneDelegate.swift; sourceTree = "<group>"; };
		BA72A0082616929D0076851C /* Base */ = {isa = PBXFileReference; lastKnownFileType = file.storyboard; name = Base; path = Base.lproj/Main.storyboard; sourceTree = "<group>"; };
		BA72A00B2616929D0076851C /* Daily_Journal.xcdatamodel */ = {isa = PBXFileReference; lastKnownFileType = wrapper.xcdatamodel; path = Daily_Journal.xcdatamodel; sourceTree = "<group>"; };
		BA72A00D2616929E0076851C /* Assets.xcassets */ = {isa = PBXFileReference; lastKnownFileType = folder.assetcatalog; path = Assets.xcassets; sourceTree = "<group>"; };
		BA72A0102616929E0076851C /* Base */ = {isa = PBXFileReference; lastKnownFileType = file.storyboard; name = Base; path = Base.lproj/LaunchScreen.storyboard; sourceTree = "<group>"; };
		BA72A0122616929E0076851C /* Info.plist */ = {isa = PBXFileReference; lastKnownFileType = text.plist.xml; path = Info.plist; sourceTree = "<group>"; };
		BA72A01A261693580076851C /* DailyJournalTableViewController.swift */ = {isa = PBXFileReference; lastKnownFileType = sourcecode.swift; path = DailyJournalTableViewController.swift; sourceTree = "<group>"; };
		BA72A01E2616982B0076851C /* DailyJournalViewController.swift */ = {isa = PBXFileReference; lastKnownFileType = sourcecode.swift; path = DailyJournalViewController.swift; sourceTree = "<group>"; };
/* End PBXFileReference section */

/* Begin PBXFrameworksBuildPhase section */
		BA729FFB2616929D0076851C /* Frameworks */ = {
			isa = PBXFrameworksBuildPhase;
			buildActionMask = 2147483647;
			files = (
			);
			runOnlyForDeploymentPostprocessing = 0;
		};
/* End PBXFrameworksBuildPhase section */

/* Begin PBXGroup section */
		BA729FF52616929D0076851C = {
			isa = PBXGroup;
			children = (
				BA72A0002616929D0076851C /* Daily Journal */,
				BA729FFF2616929D0076851C /* Products */,
			);
			sourceTree = "<group>";
		};
		BA729FFF2616929D0076851C /* Products */ = {
			isa = PBXGroup;
			children = (
				BA729FFE2616929D0076851C /* Daily Journal.app */,
			);
			name = Products;
			sourceTree = "<group>";
		};
		BA72A0002616929D0076851C /* Daily Journal */ = {
			isa = PBXGroup;
			children = (
				BA72A0012616929D0076851C /* AppDelegate.swift */,
				BA72A0032616929D0076851C /* SceneDelegate.swift */,
				BA72A01E2616982B0076851C /* DailyJournalViewController.swift */,
				BA72A01A261693580076851C /* DailyJournalTableViewController.swift */,
				BA72A0072616929D0076851C /* Main.storyboard */,
				BA72A00D2616929E0076851C /* Assets.xcassets */,
				BA72A00F2616929E0076851C /* LaunchScreen.storyboard */,
				BA72A0122616929E0076851C /* Info.plist */,
				BA72A00A2616929D0076851C /* Daily_Journal.xcdatamodeld */,
			);
			path = "Daily Journal";
			sourceTree = "<group>";
		};
/* End PBXGroup section */

/* Begin PBXNativeTarget section */
		BA729FFD2616929D0076851C /* Daily Journal */ = {
			isa = PBXNativeTarget;
			buildConfigurationList = BA72A0152616929E0076851C /* Build configuration list for PBXNativeTarget "Daily Journal" */;
			buildPhases = (
				BA729FFA2616929D0076851C /* Sources */,
				BA729FFB2616929D0076851C /* Frameworks */,
				BA729FFC2616929D0076851C /* Resources */,
			);
			buildRules = (
			);
			dependencies = (
			);
			name = "Daily Journal";
			productName = "Daily Journal";
			productReference = BA729FFE2616929D0076851C /* Daily Journal.app */;
			productType = "com.apple.product-type.application";
		};
/* End PBXNativeTarget section */

/* Begin PBXProject section */
		BA729FF62616929D0076851C /* Project object */ = {
			isa = PBXProject;
			attributes = {
				LastSwiftUpdateCheck = 1240;
				LastUpgradeCheck = 1240;
				TargetAttributes = {
					BA729FFD2616929D0076851C = {
						CreatedOnToolsVersion = 12.4;
					};
				};
			};
			buildConfigurationList = BA729FF92616929D0076851C /* Build configuration list for PBXProject "Daily Journal" */;
			compatibilityVersion = "Xcode 9.3";
			developmentRegion = en;
			hasScannedForEncodings = 0;
			knownRegions = (
				en,
				Base,
			);
			mainGroup = BA729FF52616929D0076851C;
			productRefGroup = BA729FFF2616929D0076851C /* Products */;
			projectDirPath = "";
			projectRoot = "";
			targets = (
				BA729FFD2616929D0076851C /* Daily Journal */,
			);
		};
/* End PBXProject section */

/* Begin PBXResourcesBuildPhase section */
		BA729FFC2616929D0076851C /* Resources */ = {
			isa = PBXResourcesBuildPhase;
			buildActionMask = 2147483647;
			files = (
				BA72A0112616929E0076851C /* LaunchScreen.storyboard in Resources */,
				BA72A00E2616929E0076851C /* Assets.xcassets in Resources */,
				BA72A0092616929D0076851C /* Main.storyboard in Resources */,
			);
			runOnlyForDeploymentPostprocessing = 0;
		};
/* End PBXResourcesBuildPhase section */

/* Begin PBXSourcesBuildPhase section */
		BA729FFA2616929D0076851C /* Sources */ = {
			isa = PBXSourcesBuildPhase;
			buildActionMask = 2147483647;
			files = (
				BA72A0022616929D0076851C /* AppDelegate.swift in Sources */,
				BA72A01B261693580076851C /* DailyJournalTableViewController.swift in Sources */,
				BA72A01F2616982B0076851C /* DailyJournalViewController.swift in Sources */,
				BA72A0042616929D0076851C /* SceneDelegate.swift in Sources */,
				BA72A00C2616929D0076851C /* Daily_Journal.xcdatamodeld in Sources */,
			);
			runOnlyForDeploymentPostprocessing = 0;
		};
/* End PBXSourcesBuildPhase section */

/* Begin PBXVariantGroup section */
		BA72A0072616929D0076851C /* Main.storyboard */ = {
			isa = PBXVariantGroup;
			children = (
				BA72A0082616929D0076851C /* Base */,
			);
			name = Main.storyboard;
			sourceTree = "<group>";
		};
		BA72A00F2616929E0076851C /* LaunchScreen.storyboard */ = {
			isa = PBXVariantGroup;
			children = (
				BA72A0102616929E0076851C /* Base */,
			);
			name = LaunchScreen.storyboard;
			sourceTree = "<group>";
		};
/* End PBXVariantGroup section */

/* Begin XCBuildConfiguration section */
		BA72A0132616929E0076851C /* Debug */ = {
			isa = XCBuildConfiguration;
			buildSettings = {
				ALWAYS_SEARCH_USER_PATHS = NO;
				CLANG_ANALYZER_NONNULL = YES;
				CLANG_ANALYZER_NUMBER_OBJECT_CONVERSION = YES_AGGRESSIVE;
				CLANG_CXX_LANGUAGE_STANDARD = "gnu++14";
				CLANG_CXX_LIBRARY = "libc++";
				CLANG_ENABLE_MODULES = YES;
				CLANG_ENABLE_OBJC_ARC = YES;
				CLANG_ENABLE_OBJC_WEAK = YES;
				CLANG_WARN_BLOCK_CAPTURE_AUTORELEASING = YES;
				CLANG_WARN_BOOL_CONVERSION = YES;
				CLANG_WARN_COMMA = YES;
				CLANG_WARN_CONSTANT_CONVERSION = YES;
				CLANG_WARN_DEPRECATED_OBJC_IMPLEMENTATIONS = YES;
				CLANG_WARN_DIRECT_OBJC_ISA_USAGE = YES_ERROR;
				CLANG_WARN_DOCUMENTATION_COMMENTS = YES;
				CLANG_WARN_EMPTY_BODY = YES;
				CLANG_WARN_ENUM_CONVERSION = YES;
				CLANG_WARN_INFINITE_RECURSION = YES;
				CLANG_WARN_INT_CONVERSION = YES;
				CLANG_WARN_NON_LITERAL_NULL_CONVERSION = YES;
				CLANG_WARN_OBJC_IMPLICIT_RETAIN_SELF = YES;
				CLANG_WARN_OBJC_LITERAL_CONVERSION = YES;
				CLANG_WARN_OBJC_ROOT_CLASS = YES_ERROR;
				CLANG_WARN_QUOTED_INCLUDE_IN_FRAMEWORK_HEADER = YES;
				CLANG_WARN_RANGE_LOOP_ANALYSIS = YES;
				CLANG_WARN_STRICT_PROTOTYPES = YES;
				CLANG_WARN_SUSPICIOUS_MOVE = YES;
				CLANG_WARN_UNGUARDED_AVAILABILITY = YES_AGGRESSIVE;
				CLANG_WARN_UNREACHABLE_CODE = YES;
				CLANG_WARN__DUPLICATE_METHOD_MATCH = YES;
				COPY_PHASE_STRIP = NO;
				DEBUG_INFORMATION_FORMAT = dwarf;
				ENABLE_STRICT_OBJC_MSGSEND = YES;
				ENABLE_TESTABILITY = YES;
				GCC_C_LANGUAGE_STANDARD = gnu11;
				GCC_DYNAMIC_NO_PIC = NO;
				GCC_NO_COMMON_BLOCKS = YES;
				GCC_OPTIMIZATION_LEVEL = 0;
				GCC_PREPROCESSOR_DEFINITIONS = (
					"DEBUG=1",
					"$(inherited)",
				);
				GCC_WARN_64_TO_32_BIT_CONVERSION = YES;
				GCC_WARN_ABOUT_RETURN_TYPE = YES_ERROR;
				GCC_WARN_UNDECLARED_SELECTOR = YES;
				GCC_WARN_UNINITIALIZED_AUTOS = YES_AGGRESSIVE;
				GCC_WARN_UNUSED_FUNCTION = YES;
				GCC_WARN_UNUSED_VARIABLE = YES;
				IPHONEOS_DEPLOYMENT_TARGET = 14.4;
				MTL_ENABLE_DEBUG_INFO = INCLUDE_SOURCE;
				MTL_FAST_MATH = YES;
				ONLY_ACTIVE_ARCH = YES;
				SDKROOT = iphoneos;
				SWIFT_ACTIVE_COMPILATION_CONDITIONS = DEBUG;
				SWIFT_OPTIMIZATION_LEVEL = "-Onone";
			};
			name = Debug;
		};
		BA72A0142616929E0076851C /* Release */ = {
			isa = XCBuildConfiguration;
			buildSettings = {
				ALWAYS_SEARCH_USER_PATHS = NO;
				CLANG_ANALYZER_NONNULL = YES;
				CLANG_ANALYZER_NUMBER_OBJECT_CONVERSION = YES_AGGRESSIVE;
				CLANG_CXX_LANGUAGE_STANDARD = "gnu++14";
				CLANG_CXX_LIBRARY = "libc++";
				CLANG_ENABLE_MODULES = YES;
				CLANG_ENABLE_OBJC_ARC = YES;
				CLANG_ENABLE_OBJC_WEAK = YES;
				CLANG_WARN_BLOCK_CAPTURE_AUTORELEASING = YES;
				CLANG_WARN_BOOL_CONVERSION = YES;
				CLANG_WARN_COMMA = YES;
				CLANG_WARN_CONSTANT_CONVERSION = YES;
				CLANG_WARN_DEPRECATED_OBJC_IMPLEMENTATIONS = YES;
				CLANG_WARN_DIRECT_OBJC_ISA_USAGE = YES_ERROR;
				CLANG_WARN_DOCUMENTATION_COMMENTS = YES;
				CLANG_WARN_EMPTY_BODY = YES;
				CLANG_WARN_ENUM_CONVERSION = YES;
				CLANG_WARN_INFINITE_RECURSION = YES;
				CLANG_WARN_INT_CONVERSION = YES;
				CLANG_WARN_NON_LITERAL_NULL_CONVERSION = YES;
				CLANG_WARN_OBJC_IMPLICIT_RETAIN_SELF = YES;
				CLANG_WARN_OBJC_LITERAL_CONVERSION = YES;
				CLANG_WARN_OBJC_ROOT_CLASS = YES_ERROR;
				CLANG_WARN_QUOTED_INCLUDE_IN_FRAMEWORK_HEADER = YES;
				CLANG_WARN_RANGE_LOOP_ANALYSIS = YES;
				CLANG_WARN_STRICT_PROTOTYPES = YES;
				CLANG_WARN_SUSPICIOUS_MOVE = YES;
				CLANG_WARN_UNGUARDED_AVAILABILITY = YES_AGGRESSIVE;
				CLANG_WARN_UNREACHABLE_CODE = YES;
				CLANG_WARN__DUPLICATE_METHOD_MATCH = YES;
				COPY_PHASE_STRIP = NO;
				DEBUG_INFORMATION_FORMAT = "dwarf-with-dsym";
				ENABLE_NS_ASSERTIONS = NO;
				ENABLE_STRICT_OBJC_MSGSEND = YES;
				GCC_C_LANGUAGE_STANDARD = gnu11;
				GCC_NO_COMMON_BLOCKS = YES;
				GCC_WARN_64_TO_32_BIT_CONVERSION = YES;
				GCC_WARN_ABOUT_RETURN_TYPE = YES_ERROR;
				GCC_WARN_UNDECLARED_SELECTOR = YES;
				GCC_WARN_UNINITIALIZED_AUTOS = YES_AGGRESSIVE;
				GCC_WARN_UNUSED_FUNCTION = YES;
				GCC_WARN_UNUSED_VARIABLE = YES;
				IPHONEOS_DEPLOYMENT_TARGET = 14.4;
				MTL_ENABLE_DEBUG_INFO = NO;
				MTL_FAST_MATH = YES;
				SDKROOT = iphoneos;
				SWIFT_COMPILATION_MODE = wholemodule;
				SWIFT_OPTIMIZATION_LEVEL = "-O";
				VALIDATE_PRODUCT = YES;
			};
			name = Release;
		};
		BA72A0162616929E0076851C /* Debug */ = {
			isa = XCBuildConfiguration;
			buildSettings = {
				ASSETCATALOG_COMPILER_APPICON_NAME = AppIcon;
				ASSETCATALOG_COMPILER_GLOBAL_ACCENT_COLOR_NAME = AccentColor;
				CODE_SIGN_STYLE = Automatic;
				DEVELOPMENT_TEAM = 5SJW8T44LB;
				INFOPLIST_FILE = "Daily Journal/Info.plist";
				LD_RUNPATH_SEARCH_PATHS = (
					"$(inherited)",
					"@executable_path/Frameworks",
				);
				PRODUCT_BUNDLE_IDENTIFIER = "justin.storrer.Daily-Journal";
				PRODUCT_NAME = "$(TARGET_NAME)";
				SWIFT_VERSION = 5.0;
				TARGETED_DEVICE_FAMILY = "1,2";
			};
			name = Debug;
		};
		BA72A0172616929E0076851C /* Release */ = {
			isa = XCBuildConfiguration;
			buildSettings = {
				ASSETCATALOG_COMPILER_APPICON_NAME = AppIcon;
				ASSETCATALOG_COMPILER_GLOBAL_ACCENT_COLOR_NAME = AccentColor;
				CODE_SIGN_STYLE = Automatic;
				DEVELOPMENT_TEAM = 5SJW8T44LB;
				INFOPLIST_FILE = "Daily Journal/Info.plist";
				LD_RUNPATH_SEARCH_PATHS = (
					"$(inherited)",
					"@executable_path/Frameworks",
				);
				PRODUCT_BUNDLE_IDENTIFIER = "justin.storrer.Daily-Journal";
				PRODUCT_NAME = "$(TARGET_NAME)";
				SWIFT_VERSION = 5.0;
				TARGETED_DEVICE_FAMILY = "1,2";
			};
			name = Release;
		};
/* End XCBuildConfiguration section */

/* Begin XCConfigurationList section */
		BA729FF92616929D0076851C /* Build configuration list for PBXProject "Daily Journal" */ = {
			isa = XCConfigurationList;
			buildConfigurations = (
				BA72A0132616929E0076851C /* Debug */,
				BA72A0142616929E0076851C /* Release */,
			);
			defaultConfigurationIsVisible = 0;
			defaultConfigurationName = Release;
		};
		BA72A0152616929E0076851C /* Build configuration list for PBXNativeTarget "Daily Journal" */ = {
			isa = XCConfigurationList;
			buildConfigurations = (
				BA72A0162616929E0076851C /* Debug */,
				BA72A0172616929E0076851C /* Release */,
			);
			defaultConfigurationIsVisible = 0;
			defaultConfigurationName = Release;
		};
/* End XCConfigurationList section */

/* Begin XCVersionGroup section */
		BA72A00A2616929D0076851C /* Daily_Journal.xcdatamodeld */ = {
			isa = XCVersionGroup;
			children = (
				BA72A00B2616929D0076851C /* Daily_Journal.xcdatamodel */,
			);
			currentVersion = BA72A00B2616929D0076851C /* Daily_Journal.xcdatamodel */;
			path = Daily_Journal.xcdatamodeld;
			sourceTree = "<group>";
			versionGroupType = wrapper.xcdatamodel;
		};
/* End XCVersionGroup section */
	};
	rootObject = BA729FF62616929D0076851C /* Project object */;
}
